
Microsoft Visual Studio Solution File, Format Version 12.00
# Visual Studio Version 17
VisualStudioVersion = 17.8.34330.188
MinimumVisualStudioVersion = 10.0.40219.1
Project("{FAE04EC0-301F-11D3-BF4B-00C04F79EFBC}") = "ConsoleApp2-c#", "ConsoleApp2-c#.csproj", "{759D9642-3792-45EC-8D5F-ABEB6D088A5C}"
EndProject
Global
	GlobalSection(SolutionConfigurationPlatforms) = preSolution
		Debug|Any CPU = Debug|Any CPU
		Release|Any CPU = Release|Any CPU
	EndGlobalSection
	GlobalSection(ProjectConfigurationPlatforms) = postSolution
		{759D9642-3792-45EC-8D5F-ABEB6D088A5C}.Debug|Any CPU.ActiveCfg = Debug|Any CPU
		{759D9642-3792-45EC-8D5F-ABEB6D088A5C}.Debug|Any CPU.Build.0 = Debug|Any CPU
		{759D9642-3792-45EC-8D5F-ABEB6D088A5C}.Release|Any CPU.ActiveCfg = Release|Any CPU
		{759D9642-3792-45EC-8D5F-ABEB6D088A5C}.Release|Any CPU.Build.0 = Release|Any CPU
	EndGlobalSection
	GlobalSection(SolutionProperties) = preSolution
		HideSolutionNode = FALSE
	EndGlobalSection
	GlobalSection(ExtensibilityGlobals) = postSolution
		SolutionGuid = {EE4AD496-23BB-40CB-881E-9F5C81EDDE8D}
	EndGlobalSection
EndGlobal
